
Microsoft Visual Studio Solution File, Format Version 12.00
# Visual Studio Version 17
VisualStudioVersion = 17.2.32526.322
MinimumVisualStudioVersion = 10.0.40219.1
Project("{FAE04EC0-301F-11D3-BF4B-00C04F79EFBC}") = "lab1", "lab1\lab1.csproj", "{BF011426-D034-428B-99BF-5AFDE6076562}"
EndProject
Global
	GlobalSection(SolutionConfigurationPlatforms) = preSolution
		Debug|Any CPU = Debug|Any CPU
		Release|Any CPU = Release|Any CPU
	EndGlobalSection
	GlobalSection(ProjectConfigurationPlatforms) = postSolution
		{BF011426-D034-428B-99BF-5AFDE6076562}.Debug|Any CPU.ActiveCfg = Debug|Any CPU
		{BF011426-D034-428B-99BF-5AFDE6076562}.Debug|Any CPU.Build.0 = Debug|Any CPU
		{BF011426-D034-428B-99BF-5AFDE6076562}.Release|Any CPU.ActiveCfg = Release|Any CPU
		{BF011426-D034-428B-99BF-5AFDE6076562}.Release|Any CPU.Build.0 = Release|Any CPU
	EndGlobalSection
	GlobalSection(SolutionProperties) = preSolution
		HideSolutionNode = FALSE
	EndGlobalSection
	GlobalSection(ExtensibilityGlobals) = postSolution
		SolutionGuid = {6A7EB446-59A9-4915-95AE-33C412DEBD25}
	EndGlobalSection
EndGlobal
